# This file is generated by running "yarn install" inside your project.
# Manual changes might be lost - proceed with caution!

__metadata:
  version: 8
  cacheKey: 10c0

"bootstrap@npm:5.3.8":
  version: 5.3.8
  resolution: "bootstrap@npm:5.3.8"
  peerDependencies:
    "@popperjs/core": ^2.11.8
  checksum: 10c0/0039a9df2c3e7bfa04f1abca199c299ff3b75869d578c0cb1721c6f1f203c91531788a5631ecbee01513481979314d0e4ba0d90c2011e6ce18fc2e0bc93e18d9
  languageName: node
  linkType: hard

"datatables.net-bs5@npm:^2, datatables.net-bs5@npm:^2.3.4":
  version: 2.3.7
  resolution: "datatables.net-bs5@npm:2.3.7"
  dependencies:
    datatables.net: "npm:2.3.7"
    jquery: "npm:>=1.7"
  checksum: 10c0/669430507cabaf9e1e4e6e8e459cfc8008ecd100ceeb3a5ef31f7ab199c8ad1a710a86345e180126b53c4586e33af80c7b0ce73deced1c266102112358090066
  languageName: node
  linkType: hard

"datatables.net-buttons-bs5@npm:^3.2.5":
  version: 3.2.6
  resolution: "datatables.net-buttons-bs5@npm:3.2.6"
  dependencies:
    datatables.net-bs5: "npm:^2"
    datatables.net-buttons: "npm:3.2.6"
    jquery: "npm:>=1.7"
  checksum: 10c0/e8f4dcc9c97175cbfc0604e4aec0ebf39a2aea6615a93b97fb1e987949d6302c7e56b774952423894521c3b9802855d78aa58a7aa8f920bee3d94a6e1089ebca
  languageName: node
  linkType: hard

"datatables.net-buttons-dt@npm:^3.2.5":
  version: 3.2.5
  resolution: "datatables.net-buttons-dt@npm:3.2.5"
  dependencies:
    datatables.net-buttons: "npm:3.2.5"
    datatables.net-dt: "npm:^2"
    jquery: "npm:>=1.7"
  checksum: 10c0/69a242d9a1bfb1ca6c25c79a8a52293146a54ea14010677cbc443d6b0f57791548ea418c16be7628e37d5f7ec609747ea6f9d5377ec0006e9a576feccce019d8
  languageName: node
  linkType: hard

"datatables.net-buttons@npm:3.2.5, datatables.net-buttons@npm:^3.2.5":
  version: 3.2.5
  resolution: "datatables.net-buttons@npm:3.2.5"
  dependencies:
    datatables.net: "npm:^2"
    jquery: "npm:>=1.7"
  checksum: 10c0/61090b1e9b11e2f7cacfdaa34e08e56b094e42ca0744d95d9e77042c23f1f853b8fb24e34ced0b8b8b3bf4d3f8511fa6992e0d199f3dd95d654f12f9214a3cf6
  languageName: node
  linkType: hard

"datatables.net-buttons@npm:3.2.6":
  version: 3.2.6
  resolution: "datatables.net-buttons@npm:3.2.6"
  dependencies:
    datatables.net: "npm:^2"
    jquery: "npm:>=1.7"
  checksum: 10c0/ac8919d7c9abb2be440327aaf982b930b1e1e15f509abd98515e6814bc36d1cbd280858aab02fc2d0da241751fba1a7721a303d3e3a97fe7f5c60a7b79d12b62
  languageName: node
  linkType: hard

"datatables.net-dt@npm:^2":
  version: 2.3.4
  resolution: "datatables.net-dt@npm:2.3.4"
  dependencies:
    datatables.net: "npm:2.3.4"
    jquery: "npm:>=1.7"
  checksum: 10c0/9a6b27894ad50fb404c3665c87410309690179254694968ae4b2016bd2b8fdf0b229a760eeeafbb3d763bc997adeeb3e9b102a1d5dfba4f5648814c418a9f929
  languageName: node
  linkType: hard

"datatables.net@npm:2.3.4, datatables.net@npm:^2, datatables.net@npm:^2.3.4":
  version: 2.3.4
  resolution: "datatables.net@npm:2.3.4"
  dependencies:
    jquery: "npm:>=1.7"
  checksum: 10c0/8683653cf1aacb50cc637c799f73bc91e477ccbf49ec99859e991034ba43c8e01b9c5a245fadcb0d10cbba9dca69989a5a36e886212fb4c62d53cd6e38081287
  languageName: node
  linkType: hard

"datatables.net@npm:2.3.7":
  version: 2.3.7
  resolution: "datatables.net@npm:2.3.7"
  dependencies:
    jquery: "npm:>=1.7"
  checksum: 10c0/06f0a4c42af9711c48059eb22cd52b628c20e442ff54805d7756264a28909bd8591bea63f4e24298c919e826ed3cb8b133808e45f7c29f5d1c195070af4898a9
  languageName: node
  linkType: hard

"django-helpdesk@workspace:.":
  version: 0.0.0-use.local
  resolution: "django-helpdesk@workspace:."
  dependencies:
    bootstrap: "npm:5.3.8"
    datatables.net: "npm:^2.3.4"
    datatables.net-bs5: "npm:^2.3.4"
    datatables.net-buttons: "npm:^3.2.5"
    datatables.net-buttons-bs5: "npm:^3.2.5"
    datatables.net-buttons-dt: "npm:^3.2.5"
    fontawesome-free: "npm:@fortawesome/fontawesome-free@^6.7.2"
    jquery: "npm:4.0.0"
    jquery-ui: "npm:1.14.2"
    metismenu: "npm:3.1.0"
    raphael: "npm:2.3.0"
  languageName: unknown
  linkType: soft

"eve-raphael@npm:0.5.0":
  version: 0.5.0
  resolution: "eve-raphael@npm:0.5.0"
  checksum: 10c0/59e85704181c63c38fc084f478e64bc92771c444391162b8407bf72a65bb5f1b8c7ba03364bfd28dae5b9bce0eb4c970758c66bd9f6d9411f035d138a7bf5518
  languageName: node
  linkType: hard

"fontawesome-free@npm:@fortawesome/fontawesome-free@^6.7.2":
  version: 6.7.2
  resolution: "@fortawesome/fontawesome-free@npm:6.7.2"
  checksum: 10c0/e27fb8b846f0bcf40c904acc210829a640329fc7b7ec4e42a7c43cb53739ed6052d78df90810f555a5c80bc608fee5a5174db3fa6da617f582d6210009a19278
  languageName: node
  linkType: hard

"jquery-ui@npm:1.14.2":
  version: 1.14.2
  resolution: "jquery-ui@npm:1.14.2"
  dependencies:
    jquery: "npm:>=1.12.0 <5.0.0"
  checksum: 10c0/83b65744c4f4f2e9fa12833feb76c964f9565ef8301ef4e224e93e6c867e10a45d7da3e93bc7bcaec5227a61e09a2a6d1ce0198d9c38de08e4ada3d53a628615
  languageName: node
  linkType: hard

"jquery@npm:4.0.0":
  version: 4.0.0
  resolution: "jquery@npm:4.0.0"
  checksum: 10c0/06d8d0f51121af5a691f8b59c74823157bb5b60eea915b30eaa920d6c0ffd91e60ba81e9b97bd8203f331f9dd8d0ec9a4b010935ea314bdd2f15453c29bc780b
  languageName: node
  linkType: hard

"jquery@npm:>=1.12.0 <5.0.0, jquery@npm:>=1.7":
  version: 3.7.1
  resolution: "jquery@npm:3.7.1"
  checksum: 10c0/808cfbfb758438560224bf26e17fcd5afc7419170230c810dd11f5c1792e2263e2970cca8d659eb84fcd9acc301edb6d310096e450277d54be4f57071b0c82d9
  languageName: node
  linkType: hard

"metismenu@npm:3.1.0":
  version: 3.1.0
  resolution: "metismenu@npm:3.1.0"
  peerDependencies:
    jquery: ">=4.0.0"
  checksum: 10c0/2ddaa1bc9fdb3d99347f3e2160d8c640a00b4711813b2653ac601f3d7aac986581bcb2424c694aaddf0b061097d8a9174a50a59c41187baad5acc31864056fb9
  languageName: node
  linkType: hard

"raphael@npm:2.3.0":
  version: 2.3.0
  resolution: "raphael@npm:2.3.0"
  dependencies:
    eve-raphael: "npm:0.5.0"
  checksum: 10c0/187dccb25eefba5680af5e641e73b7e5343532fc1bb7ee3910da519af87867b7d768264e2071ead68800ce1dbec59ab3a1a30fe1f2c2a546d541a16694f083c9
  languageName: node
  linkType: hard
