# This file is generated by running "yarn install" inside your project.
# Manual changes might be lost - proceed with caution!

__metadata:
  version: 10
  cacheKey: 10c0

"@kurkle/color@npm:^0.3.0":
  version: 0.3.4
  resolution: "@kurkle/color@npm:0.3.4"
  checksum: 10c0/0e9fd55c614b005c5f0c4c755bca19ec0293bc7513b4ea3ec1725234f9c2fa81afbc78156baf555c8b9cb0d305619253c3f5bca016067daeebb3d00ebb4ea683
  languageName: node
  linkType: hard

"bootstrap@npm:5.3.8":
  version: 5.3.8
  resolution: "bootstrap@npm:5.3.8"
  peerDependencies:
    "@popperjs/core": ^2.11.8
  checksum: 10c0/0039a9df2c3e7bfa04f1abca199c299ff3b75869d578c0cb1721c6f1f203c91531788a5631ecbee01513481979314d0e4ba0d90c2011e6ce18fc2e0bc93e18d9
  languageName: node
  linkType: hard

"chart.js@npm:^4.5.1":
  version: 4.5.1
  resolution: "chart.js@npm:4.5.1"
  dependencies:
    "@kurkle/color": "npm:^0.3.0"
  checksum: 10c0/3f2a11dcaae9079e8e6b8ad077e2ae311f04996f9da14815730891e66215ee8b5f2c0eb70b5a156e5bde0f89a41bae13506dc6153e50fd22dcb282b21eec706f
  languageName: node
  linkType: hard

"datatables.net-bs5@npm:^3.1":
  version: 3.1.2
  resolution: "datatables.net-bs5@npm:3.1.2"
  dependencies:
    datatables.net: "npm:3.1.2"
  checksum: 10c0/2c1db632e04e7af266de832e153bcf635df724dd9d82cbf6b4a08f7a4c56125aee5d9de8b21908757e2a37c16753ce038782d5f9560e67ee009cf44cf568a265
  languageName: node
  linkType: hard

"datatables.net-bs5@npm:^3.1.3":
  version: 3.1.3
  resolution: "datatables.net-bs5@npm:3.1.3"
  dependencies:
    datatables.net: "npm:3.1.3"
  checksum: 10c0/df064c445558756e8aebe1de05b5765eac96e454d29c1aafbc862b1ad4568bea60f8816d534daba8270b4580bdfb5c2d04c61786d1a7c49a3af3fe01a58e57d3
  languageName: node
  linkType: hard

"datatables.net-buttons-bs5@npm:^4.1.2":
  version: 4.1.2
  resolution: "datatables.net-buttons-bs5@npm:4.1.2"
  dependencies:
    datatables.net-bs5: "npm:^3.1"
    datatables.net-buttons: "npm:4.1.2"
  checksum: 10c0/b633ea1fcfdf053f91bf375da20baaf8612a09d88df397ae2c0f1622a0c7c8688f13c1dc9877affb02c81408327c36058508b3969133dda2b903bfb21ccc07cf
  languageName: node
  linkType: hard

"datatables.net-buttons-dt@npm:^4.1.2":
  version: 4.1.2
  resolution: "datatables.net-buttons-dt@npm:4.1.2"
  dependencies:
    datatables.net-buttons: "npm:4.1.2"
    datatables.net-dt: "npm:^3.1"
  checksum: 10c0/d2996a431a4e341618978fdde001745cd4f261b2f0c1b41995c257fbba235583e1bcb1d8f54d2cf55ee34b1a20ef9428d36e4497760fd0e63820e10a0503e0a9
  languageName: node
  linkType: hard

"datatables.net-buttons@npm:4.1.2, datatables.net-buttons@npm:^4.1.2":
  version: 4.1.2
  resolution: "datatables.net-buttons@npm:4.1.2"
  dependencies:
    datatables.net: "npm:^3.1"
  checksum: 10c0/ef4b3e4252a2360132e92f02819133add8e98808151f678c47d9a82c1c2b38ccf49bda57027ebe23aedf64c0a144f35ab48b9502ef8798aa7b2de14fb07de4d9
  languageName: node
  linkType: hard

"datatables.net-dt@npm:^3.1":
  version: 3.1.2
  resolution: "datatables.net-dt@npm:3.1.2"
  dependencies:
    datatables.net: "npm:3.1.2"
  checksum: 10c0/3bc552a95dad7275b59ef065c33c5abeadcdbe21c45b3adc08ea1314f245b35dcd77c1a1453fe46af177cba297f7ab64f3c552017b7f7833e36444e89b1b9700
  languageName: node
  linkType: hard

"datatables.net@npm:3.1.2, datatables.net@npm:^3.1":
  version: 3.1.2
  resolution: "datatables.net@npm:3.1.2"
  checksum: 10c0/f63d420b5dd56e0f32b88f1704e56ebf5cf8039d6d7b3a19863d4c2bfd463f8bc2091cfa1b6a4dc7340521dde61b04e6fb1c40068c53c6d328b1681bd5bef095
  languageName: node
  linkType: hard

"datatables.net@npm:3.1.3, datatables.net@npm:^3.1.3":
  version: 3.1.3
  resolution: "datatables.net@npm:3.1.3"
  checksum: 10c0/0166cb0275211392a6b00367141726de30be7d6dadf0da1ff88c66b09129ee71936b515f3851ed865aa82ed8c16ace38915d5be5065c040425b35c2cf14890ce
  languageName: node
  linkType: hard

"django-helpdesk@workspace:.":
  version: 0.0.0-use.local
  resolution: "django-helpdesk@workspace:."
  dependencies:
    bootstrap: "npm:5.3.8"
    chart.js: "npm:^4.5.1"
    datatables.net: "npm:^3.1.3"
    datatables.net-bs5: "npm:^3.1.3"
    datatables.net-buttons: "npm:^4.1.2"
    datatables.net-buttons-bs5: "npm:^4.1.2"
    datatables.net-buttons-dt: "npm:^4.1.2"
    fontawesome-free: "npm:@fortawesome/fontawesome-free@^6.7.2"
    jquery: "npm:4.0.0"
    jquery-ui: "npm:1.14.2"
  languageName: unknown
  linkType: soft

"fontawesome-free@npm:@fortawesome/fontawesome-free@^6.7.2":
  version: 6.7.2
  resolution: "@fortawesome/fontawesome-free@npm:6.7.2"
  checksum: 10c0/e27fb8b846f0bcf40c904acc210829a640329fc7b7ec4e42a7c43cb53739ed6052d78df90810f555a5c80bc608fee5a5174db3fa6da617f582d6210009a19278
  languageName: node
  linkType: hard

"jquery-ui@npm:1.14.2":
  version: 1.14.2
  resolution: "jquery-ui@npm:1.14.2"
  dependencies:
    jquery: "npm:>=1.12.0 <5.0.0"
  checksum: 10c0/83b65744c4f4f2e9fa12833feb76c964f9565ef8301ef4e224e93e6c867e10a45d7da3e93bc7bcaec5227a61e09a2a6d1ce0198d9c38de08e4ada3d53a628615
  languageName: node
  linkType: hard

"jquery@npm:4.0.0":
  version: 4.0.0
  resolution: "jquery@npm:4.0.0"
  checksum: 10c0/06d8d0f51121af5a691f8b59c74823157bb5b60eea915b30eaa920d6c0ffd91e60ba81e9b97bd8203f331f9dd8d0ec9a4b010935ea314bdd2f15453c29bc780b
  languageName: node
  linkType: hard

"jquery@npm:>=1.12.0 <5.0.0":
  version: 3.7.1
  resolution: "jquery@npm:3.7.1"
  checksum: 10c0/808cfbfb758438560224bf26e17fcd5afc7419170230c810dd11f5c1792e2263e2970cca8d659eb84fcd9acc301edb6d310096e450277d54be4f57071b0c82d9
  languageName: node
  linkType: hard
