# This file is generated by running "yarn install" inside your project.
# Manual changes might be lost - proceed with caution!

__metadata:
  version: 8
  cacheKey: 10c0

"bootstrap@npm:5.3.8":
  version: 5.3.8
  resolution: "bootstrap@npm:5.3.8"
  peerDependencies:
    "@popperjs/core": ^2.11.8
  checksum: 10c0/0039a9df2c3e7bfa04f1abca199c299ff3b75869d578c0cb1721c6f1f203c91531788a5631ecbee01513481979314d0e4ba0d90c2011e6ce18fc2e0bc93e18d9
  languageName: node
  linkType: hard

"datatables.net-bs5@npm:^3":
  version: 3.0.2
  resolution: "datatables.net-bs5@npm:3.0.2"
  dependencies:
    datatables.net: "npm:3.0.2"
  checksum: 10c0/30920f3d75154a7a68d63dfe339327b40bc0fe044b397134243f0117e2c5f83cc3248eeb418b54f531ba577f474f4c39b40da37eb4aa1c0745cd28fb750d11fa
  languageName: node
  linkType: hard

"datatables.net-bs5@npm:^3.0.1":
  version: 3.0.1
  resolution: "datatables.net-bs5@npm:3.0.1"
  dependencies:
    datatables.net: "npm:3.0.1"
  checksum: 10c0/d68a30fcba880f6c1497e09b401f6388b59721b7bf8745253c6d14428db27ab521c4fd049360edb9654175b25570a77c325d64ca2795674d285b5354edd64cfc
  languageName: node
  linkType: hard

"datatables.net-buttons-bs5@npm:^4.0.1":
  version: 4.0.1
  resolution: "datatables.net-buttons-bs5@npm:4.0.1"
  dependencies:
    datatables.net-bs5: "npm:^3"
    datatables.net-buttons: "npm:4.0.1"
  checksum: 10c0/0c2fc327921fb0e708b6453f5c91a74edb21cb98d8ee6e7522cc18700937050f86641bfaaca103b838fa3ad8874701872104682ddeaab86cbf4204efc9070b8d
  languageName: node
  linkType: hard

"datatables.net-buttons-dt@npm:^4.0.1":
  version: 4.0.2
  resolution: "datatables.net-buttons-dt@npm:4.0.2"
  dependencies:
    datatables.net-buttons: "npm:4.0.2"
    datatables.net-dt: "npm:^3"
  checksum: 10c0/e38f0aeb3e582a8f477b9069796056edcfeaf5418b8a27582e8075748e4f1bf5093b201754d0d100638f2c69abdc9554076da391c9a6cdff2f5c73bfc4277518
  languageName: node
  linkType: hard

"datatables.net-buttons@npm:4.0.1":
  version: 4.0.1
  resolution: "datatables.net-buttons@npm:4.0.1"
  dependencies:
    datatables.net: "npm:^3"
  checksum: 10c0/2a1d75b031500a4088029d731519d4f6409e3d7a770faaaa108c02977c0df2a9bf52fd9a4c1714a75cc997420ab788830a26176671ae6b0f52283b11d59bdade
  languageName: node
  linkType: hard

"datatables.net-buttons@npm:4.0.2, datatables.net-buttons@npm:^4.0.1":
  version: 4.0.2
  resolution: "datatables.net-buttons@npm:4.0.2"
  dependencies:
    datatables.net: "npm:^3"
  checksum: 10c0/c52ac78df408efb5b225e0aa3670b5787d86c7bd7224d165de04715e6a600124f8c19db6f950ef156a14049e522ecb679851bf20bab987457660976ebf73b47d
  languageName: node
  linkType: hard

"datatables.net-dt@npm:^3":
  version: 3.0.2
  resolution: "datatables.net-dt@npm:3.0.2"
  dependencies:
    datatables.net: "npm:3.0.2"
  checksum: 10c0/e49d194e32b43c91a329852559d026a18b02792de8990231958b675a7bf93020b404cd1aca0757847936ebe323f65b3bc8c733a6e6b0d3338adea1358b82c717
  languageName: node
  linkType: hard

"datatables.net@npm:3.0.1":
  version: 3.0.1
  resolution: "datatables.net@npm:3.0.1"
  checksum: 10c0/5f073e96ee7a2a4d84396f9902487b95825297921e6a129383d70a37b0ccdb42a8d6e172717cddcbca9fe664abb821687916b8a74f1783e7a8873a1b006f83b7
  languageName: node
  linkType: hard

"datatables.net@npm:3.0.2, datatables.net@npm:^3, datatables.net@npm:^3.0.1":
  version: 3.0.2
  resolution: "datatables.net@npm:3.0.2"
  checksum: 10c0/7a58f9c07b8f652afbf200bd6bfea7f1653c94d6a938ad318e72e5b8300273aa4cd4a1adc8428d5f5a0f0252ce8dba7c3e31c9241b64bfe41f899240e0af6f4d
  languageName: node
  linkType: hard

"django-helpdesk@workspace:.":
  version: 0.0.0-use.local
  resolution: "django-helpdesk@workspace:."
  dependencies:
    bootstrap: "npm:5.3.8"
    datatables.net: "npm:^3.0.1"
    datatables.net-bs5: "npm:^3.0.1"
    datatables.net-buttons: "npm:^4.0.1"
    datatables.net-buttons-bs5: "npm:^4.0.1"
    datatables.net-buttons-dt: "npm:^4.0.1"
    fontawesome-free: "npm:@fortawesome/fontawesome-free@^6.7.2"
    jquery: "npm:4.0.0"
    jquery-ui: "npm:1.14.2"
    metismenu: "npm:3.1.0"
    raphael: "npm:2.3.0"
  languageName: unknown
  linkType: soft

"eve-raphael@npm:0.5.0":
  version: 0.5.0
  resolution: "eve-raphael@npm:0.5.0"
  checksum: 10c0/59e85704181c63c38fc084f478e64bc92771c444391162b8407bf72a65bb5f1b8c7ba03364bfd28dae5b9bce0eb4c970758c66bd9f6d9411f035d138a7bf5518
  languageName: node
  linkType: hard

"fontawesome-free@npm:@fortawesome/fontawesome-free@^6.7.2":
  version: 6.7.2
  resolution: "@fortawesome/fontawesome-free@npm:6.7.2"
  checksum: 10c0/e27fb8b846f0bcf40c904acc210829a640329fc7b7ec4e42a7c43cb53739ed6052d78df90810f555a5c80bc608fee5a5174db3fa6da617f582d6210009a19278
  languageName: node
  linkType: hard

"jquery-ui@npm:1.14.2":
  version: 1.14.2
  resolution: "jquery-ui@npm:1.14.2"
  dependencies:
    jquery: "npm:>=1.12.0 <5.0.0"
  checksum: 10c0/83b65744c4f4f2e9fa12833feb76c964f9565ef8301ef4e224e93e6c867e10a45d7da3e93bc7bcaec5227a61e09a2a6d1ce0198d9c38de08e4ada3d53a628615
  languageName: node
  linkType: hard

"jquery@npm:4.0.0":
  version: 4.0.0
  resolution: "jquery@npm:4.0.0"
  checksum: 10c0/06d8d0f51121af5a691f8b59c74823157bb5b60eea915b30eaa920d6c0ffd91e60ba81e9b97bd8203f331f9dd8d0ec9a4b010935ea314bdd2f15453c29bc780b
  languageName: node
  linkType: hard

"jquery@npm:>=1.12.0 <5.0.0":
  version: 3.7.1
  resolution: "jquery@npm:3.7.1"
  checksum: 10c0/808cfbfb758438560224bf26e17fcd5afc7419170230c810dd11f5c1792e2263e2970cca8d659eb84fcd9acc301edb6d310096e450277d54be4f57071b0c82d9
  languageName: node
  linkType: hard

"metismenu@npm:3.1.0":
  version: 3.1.0
  resolution: "metismenu@npm:3.1.0"
  peerDependencies:
    jquery: ">=4.0.0"
  checksum: 10c0/2ddaa1bc9fdb3d99347f3e2160d8c640a00b4711813b2653ac601f3d7aac986581bcb2424c694aaddf0b061097d8a9174a50a59c41187baad5acc31864056fb9
  languageName: node
  linkType: hard

"raphael@npm:2.3.0":
  version: 2.3.0
  resolution: "raphael@npm:2.3.0"
  dependencies:
    eve-raphael: "npm:0.5.0"
  checksum: 10c0/187dccb25eefba5680af5e641e73b7e5343532fc1bb7ee3910da519af87867b7d768264e2071ead68800ce1dbec59ab3a1a30fe1f2c2a546d541a16694f083c9
  languageName: node
  linkType: hard
